
Microsoft Visual Studio Solution File, Format Version 12.00
# Visual Studio Version 17
VisualStudioVersion = 17.2.32526.322
MinimumVisualStudioVersion = 10.0.40219.1
Project("{9A19103F-16F7-4668-BE54-9A1E7A4F7556}") = "LegendaryBot", "LegendaryBot\LegendaryBot.csproj", "{B7841A27-78F8-4B03-9C84-66499B51D5D7}"
EndProject
Global
	GlobalSection(SolutionConfigurationPlatforms) = preSolution
		Debug|Any CPU = Debug|Any CPU
		Release|Any CPU = Release|Any CPU
	EndGlobalSection
	GlobalSection(ProjectConfigurationPlatforms) = postSolution
		{B7841A27-78F8-4B03-9C84-66499B51D5D7}.Debug|Any CPU.ActiveCfg = Debug|Any CPU
		{B7841A27-78F8-4B03-9C84-66499B51D5D7}.Debug|Any CPU.Build.0 = Debug|Any CPU
		{B7841A27-78F8-4B03-9C84-66499B51D5D7}.Release|Any CPU.ActiveCfg = Release|Any CPU
		{B7841A27-78F8-4B03-9C84-66499B51D5D7}.Release|Any CPU.Build.0 = Release|Any CPU
	EndGlobalSection
	GlobalSection(SolutionProperties) = preSolution
		HideSolutionNode = FALSE
	EndGlobalSection
	GlobalSection(ExtensibilityGlobals) = postSolution
		SolutionGuid = {8D72CEF9-BD78-40A4-8AD0-E3BBFDF22F38}
	EndGlobalSection
EndGlobal
